
Microsoft Visual Studio Solution File, Format Version 12.00
# Visual Studio Version 16
VisualStudioVersion = 16.0.30804.86
MinimumVisualStudioVersion = 10.0.40219.1
Project("{FAE04EC0-301F-11D3-BF4B-00C04F79EFBC}") = "Lab03_Romard_AverageUnitsShippedByEmployee", "Lab03_Romard_AverageUnitsShippedByEmployee.csproj", "{3CA24080-1886-4232-A119-9BEA273F9045}"
EndProject
Global
	GlobalSection(SolutionConfigurationPlatforms) = preSolution
		Debug|Any CPU = Debug|Any CPU
		Release|Any CPU = Release|Any CPU
	EndGlobalSection
	GlobalSection(ProjectConfigurationPlatforms) = postSolution
		{3CA24080-1886-4232-A119-9BEA273F9045}.Debug|Any CPU.ActiveCfg = Debug|Any CPU
		{3CA24080-1886-4232-A119-9BEA273F9045}.Debug|Any CPU.Build.0 = Debug|Any CPU
		{3CA24080-1886-4232-A119-9BEA273F9045}.Release|Any CPU.ActiveCfg = Release|Any CPU
		{3CA24080-1886-4232-A119-9BEA273F9045}.Release|Any CPU.Build.0 = Release|Any CPU
	EndGlobalSection
	GlobalSection(SolutionProperties) = preSolution
		HideSolutionNode = FALSE
	EndGlobalSection
	GlobalSection(ExtensibilityGlobals) = postSolution
		SolutionGuid = {8DBE45A0-D022-4A18-B39C-48A02436444C}
	EndGlobalSection
EndGlobal
